
Microsoft Visual Studio Solution File, Format Version 12.00
# Visual Studio 15
VisualStudioVersion = 15.0.26730.16
MinimumVisualStudioVersion = 10.0.40219.1
Project("{9A19103F-16F7-4668-BE54-9A1E7A4F7556}") = "6_kyu", "6_kyu\6_kyu.csproj", "{DB9E43E5-A7A2-4831-ABF3-B768E69AC362}"
EndProject
Project("{9A19103F-16F7-4668-BE54-9A1E7A4F7556}") = "6_kyu.tests", "6_kyu.tests\6_kyu.tests.csproj", "{460EDEC6-2920-4CFD-B399-76D823C632EA}"
EndProject
Project("{9A19103F-16F7-4668-BE54-9A1E7A4F7556}") = "5_kyu", "5_kyu\5_kyu.csproj", "{A50AA672-EE41-4EAC-B062-8AEC5A8D7519}"
EndProject
Project("{9A19103F-16F7-4668-BE54-9A1E7A4F7556}") = "5_kyu.Tests", "5_kyu.Tests\5_kyu.Tests.csproj", "{294D172C-E53C-4415-8F14-C1AFF7885079}"
EndProject
Global
	GlobalSection(SolutionConfigurationPlatforms) = preSolution
		Debug|Any CPU = Debug|Any CPU
		Release|Any CPU = Release|Any CPU
	EndGlobalSection
	GlobalSection(ProjectConfigurationPlatforms) = postSolution
		{DB9E43E5-A7A2-4831-ABF3-B768E69AC362}.Debug|Any CPU.ActiveCfg = Debug|Any CPU
		{DB9E43E5-A7A2-4831-ABF3-B768E69AC362}.Debug|Any CPU.Build.0 = Debug|Any CPU
		{DB9E43E5-A7A2-4831-ABF3-B768E69AC362}.Release|Any CPU.ActiveCfg = Release|Any CPU
		{DB9E43E5-A7A2-4831-ABF3-B768E69AC362}.Release|Any CPU.Build.0 = Release|Any CPU
		{460EDEC6-2920-4CFD-B399-76D823C632EA}.Debug|Any CPU.ActiveCfg = Debug|Any CPU
		{460EDEC6-2920-4CFD-B399-76D823C632EA}.Debug|Any CPU.Build.0 = Debug|Any CPU
		{460EDEC6-2920-4CFD-B399-76D823C632EA}.Release|Any CPU.ActiveCfg = Release|Any CPU
		{460EDEC6-2920-4CFD-B399-76D823C632EA}.Release|Any CPU.Build.0 = Release|Any CPU
		{A50AA672-EE41-4EAC-B062-8AEC5A8D7519}.Debug|Any CPU.ActiveCfg = Debug|Any CPU
		{A50AA672-EE41-4EAC-B062-8AEC5A8D7519}.Debug|Any CPU.Build.0 = Debug|Any CPU
		{A50AA672-EE41-4EAC-B062-8AEC5A8D7519}.Release|Any CPU.ActiveCfg = Release|Any CPU
		{A50AA672-EE41-4EAC-B062-8AEC5A8D7519}.Release|Any CPU.Build.0 = Release|Any CPU
		{294D172C-E53C-4415-8F14-C1AFF7885079}.Debug|Any CPU.ActiveCfg = Debug|Any CPU
		{294D172C-E53C-4415-8F14-C1AFF7885079}.Debug|Any CPU.Build.0 = Debug|Any CPU
		{294D172C-E53C-4415-8F14-C1AFF7885079}.Release|Any CPU.ActiveCfg = Release|Any CPU
		{294D172C-E53C-4415-8F14-C1AFF7885079}.Release|Any CPU.Build.0 = Release|Any CPU
	EndGlobalSection
	GlobalSection(SolutionProperties) = preSolution
		HideSolutionNode = FALSE
	EndGlobalSection
	GlobalSection(ExtensibilityGlobals) = postSolution
		SolutionGuid = {8EF3FE6A-11F1-4315-B396-ACEFF324EC07}
	EndGlobalSection
EndGlobal
